Microsoft Visual Studio Solution File, Format Version 12.00
# Visual Studio Version 17
VisualStudioVersion = 17.5.2.0
MinimumVisualStudioVersion = 10.0.40219.1
Project("{FAE04EC0-301F-11D3-BF4B-00C04F79EFBC}") = "SknC.Web", "SknC.Web.csproj", "{5C926ED5-F885-5067-E7F7-AC15B498E849}"
EndProject
Global
	GlobalSection(SolutionConfigurationPlatforms) = preSolution
		Debug|Any CPU = Debug|Any CPU
		Release|Any CPU = Release|Any CPU
	EndGlobalSection
	GlobalSection(ProjectConfigurationPlatforms) = postSolution
		{5C926ED5-F885-5067-E7F7-AC15B498E849}.Debug|Any CPU.ActiveCfg = Debug|Any CPU
		{5C926ED5-F885-5067-E7F7-AC15B498E849}.Debug|Any CPU.Build.0 = Debug|Any CPU
		{5C926ED5-F885-5067-E7F7-AC15B498E849}.Release|Any CPU.ActiveCfg = Release|Any CPU
		{5C926ED5-F885-5067-E7F7-AC15B498E849}.Release|Any CPU.Build.0 = Release|Any CPU
	EndGlobalSection
	GlobalSection(SolutionProperties) = preSolution
		HideSolutionNode = FALSE
	EndGlobalSection
	GlobalSection(ExtensibilityGlobals) = postSolution
		SolutionGuid = {5122A777-5B77-4D1B-80D4-4EE3777B9299}
	EndGlobalSection
EndGlobal
